// !$*UTF8*$!
{
	archiveVersion = 1;
	classes = {
	};
	objectVersion = 50;
	objects = {

/* Begin PBXBuildFile section */
		E6EFF2C72285330B008ABAAD /* AppDelegate.swift in Sources */ = {isa = PBXBuildFile; fileRef = E6EFF2C62285330B008ABAAD /* AppDelegate.swift */; };
		E6EFF2C92285330B008ABAAD /* ViewController.swift in Sources */ = {isa = PBXBuildFile; fileRef = E6EFF2C82285330B008ABAAD /* ViewController.swift */; };
		E6EFF2CC2285330B008ABAAD /* Main.storyboard in Resources */ = {isa = PBXBuildFile; fileRef = E6EFF2CA2285330B008ABAAD /* Main.storyboard */; };
		E6EFF2CE2285330D008ABAAD /* Assets.xcassets in Resources */ = {isa = PBXBuildFile; fileRef = E6EFF2CD2285330D008ABAAD /* Assets.xcassets */; };
		E6EFF2D12285330D008ABAAD /* LaunchScreen.storyboard in Resources */ = {isa = PBXBuildFile; fileRef = E6EFF2CF2285330D008ABAAD /* LaunchScreen.storyboard */; };
		E6EFF2DC2285330D008ABAAD /* Anime_iOSTests.swift in Sources */ = {isa = PBXBuildFile; fileRef = E6EFF2DB2285330D008ABAAD /* Anime_iOSTests.swift */; };
		E6EFF2E72285330D008ABAAD /* Anime_iOSUITests.swift in Sources */ = {isa = PBXBuildFile; fileRef = E6EFF2E62285330D008ABAAD /* Anime_iOSUITests.swift */; };
/* End PBXBuildFile section */

/* Begin PBXContainerItemProxy section */
		E6EFF2D82285330D008ABAAD /* PBXContainerItemProxy */ = {
			isa = PBXContainerItemProxy;
			containerPortal = E6EFF2BB2285330A008ABAAD /* Project object */;
			proxyType = 1;
			remoteGlobalIDString = E6EFF2C22285330B008ABAAD;
			remoteInfo = "Anime-iOS";
		};
		E6EFF2E32285330D008ABAAD /* PBXContainerItemProxy */ = {
			isa = PBXContainerItemProxy;
			containerPortal = E6EFF2BB2285330A008ABAAD /* Project object */;
			proxyType = 1;
			remoteGlobalIDString = E6EFF2C22285330B008ABAAD;
			remoteInfo = "Anime-iOS";
		};
/* End PBXContainerItemProxy section */

/* Begin PBXFileReference section */
		E6EFF2C32285330B008ABAAD /* Anime-iOS.app */ = {isa = PBXFileReference; explicitFileType = wrapper.application; includeInIndex = 0; path = "Anime-iOS.app"; sourceTree = BUILT_PRODUCTS_DIR; };
		E6EFF2C62285330B008ABAAD /* AppDelegate.swift */ = {isa = PBXFileReference; lastKnownFileType = sourcecode.swift; path = AppDelegate.swift; sourceTree = "<group>"; };
		E6EFF2C82285330B008ABAAD /* ViewController.swift */ = {isa = PBXFileReference; lastKnownFileType = sourcecode.swift; path = ViewController.swift; sourceTree = "<group>"; };
		E6EFF2CB2285330B008ABAAD /* Base */ = {isa = PBXFileReference; lastKnownFileType = file.storyboard; name = Base; path = Base.lproj/Main.storyboard; sourceTree = "<group>"; };
		E6EFF2CD2285330D008ABAAD /* Assets.xcassets */ = {isa = PBXFileReference; lastKnownFileType = folder.assetcatalog; path = Assets.xcassets; sourceTree = "<group>"; };
		E6EFF2D02285330D008ABAAD /* Base */ = {isa = PBXFileReference; lastKnownFileType = file.storyboard; name = Base; path = Base.lproj/LaunchScreen.storyboard; sourceTree = "<group>"; };
		E6EFF2D22285330D008ABAAD /* Info.plist */ = {isa = PBXFileReference; lastKnownFileType = text.plist.xml; path = Info.plist; sourceTree = "<group>"; };
		E6EFF2D72285330D008ABAAD /* Anime-iOSTests.xctest */ = {isa = PBXFileReference; explicitFileType = wrapper.cfbundle; includeInIndex = 0; path = "Anime-iOSTests.xctest"; sourceTree = BUILT_PRODUCTS_DIR; };
		E6EFF2DB2285330D008ABAAD /* Anime_iOSTests.swift */ = {isa = PBXFileReference; lastKnownFileType = sourcecode.swift; path = Anime_iOSTests.swift; sourceTree = "<group>"; };
		E6EFF2DD2285330D008ABAAD /* Info.plist */ = {isa = PBXFileReference; lastKnownFileType = text.plist.xml; path = Info.plist; sourceTree = "<group>"; };
		E6EFF2E22285330D008ABAAD /* Anime-iOSUITests.xctest */ = {isa = PBXFileReference; explicitFileType = wrapper.cfbundle; includeInIndex = 0; path = "Anime-iOSUITests.xctest"; sourceTree = BUILT_PRODUCTS_DIR; };
		E6EFF2E62285330D008ABAAD /* Anime_iOSUITests.swift */ = {isa = PBXFileReference; lastKnownFileType = sourcecode.swift; path = Anime_iOSUITests.swift; sourceTree = "<group>"; };
		E6EFF2E82285330D008ABAAD /* Info.plist */ = {isa = PBXFileReference; lastKnownFileType = text.plist.xml; path = Info.plist; sourceTree = "<group>"; };
/* End PBXFileReference section */

/* Begin PBXFrameworksBuildPhase section */
		E6EFF2C02285330B008ABAAD /* Frameworks */ = {
			isa = PBXFrameworksBuildPhase;
			buildActionMask = 2147483647;
			files = (
			);
			runOnlyForDeploymentPostprocessing = 0;
		};
		E6EFF2D42285330D008ABAAD /* Frameworks */ = {
			isa = PBXFrameworksBuildPhase;
			buildActionMask = 2147483647;
			files = (
			);
			runOnlyForDeploymentPostprocessing = 0;
		};
		E6EFF2DF2285330D008ABAAD /* Frameworks */ = {
			isa = PBXFrameworksBuildPhase;
			buildActionMask = 2147483647;
			files = (
			);
			runOnlyForDeploymentPostprocessing = 0;
		};
/* End PBXFrameworksBuildPhase section */

/* Begin PBXGroup section */
		E6EFF2BA2285330A008ABAAD = {
			isa = PBXGroup;
			children = (
				E6EFF2C52285330B008ABAAD /* Anime-iOS */,
				E6EFF2DA2285330D008ABAAD /* Anime-iOSTests */,
				E6EFF2E52285330D008ABAAD /* Anime-iOSUITests */,
				E6EFF2C42285330B008ABAAD /* Products */,
			);
			sourceTree = "<group>";
		};
		E6EFF2C42285330B008ABAAD /* Products */ = {
			isa = PBXGroup;
			children = (
				E6EFF2C32285330B008ABAAD /* Anime-iOS.app */,
				E6EFF2D72285330D008ABAAD /* Anime-iOSTests.xctest */,
				E6EFF2E22285330D008ABAAD /* Anime-iOSUITests.xctest */,
			);
			name = Products;
			sourceTree = "<group>";
		};
		E6EFF2C52285330B008ABAAD /* Anime-iOS */ = {
			isa = PBXGroup;
			children = (
				E6EFF2C62285330B008ABAAD /* AppDelegate.swift */,
				E6EFF2C82285330B008ABAAD /* ViewController.swift */,
				E6EFF2CA2285330B008ABAAD /* Main.storyboard */,
				E6EFF2CD2285330D008ABAAD /* Assets.xcassets */,
				E6EFF2CF2285330D008ABAAD /* LaunchScreen.storyboard */,
				E6EFF2D22285330D008ABAAD /* Info.plist */,
			);
			path = "Anime-iOS";
			sourceTree = "<group>";
		};
		E6EFF2DA2285330D008ABAAD /* Anime-iOSTests */ = {
			isa = PBXGroup;
			children = (
				E6EFF2DB2285330D008ABAAD /* Anime_iOSTests.swift */,
				E6EFF2DD2285330D008ABAAD /* Info.plist */,
			);
			path = "Anime-iOSTests";
			sourceTree = "<group>";
		};
		E6EFF2E52285330D008ABAAD /* Anime-iOSUITests */ = {
			isa = PBXGroup;
			children = (
				E6EFF2E62285330D008ABAAD /* Anime_iOSUITests.swift */,
				E6EFF2E82285330D008ABAAD /* Info.plist */,
			);
			path = "Anime-iOSUITests";
			sourceTree = "<group>";
		};
/* End PBXGroup section */

/* Begin PBXNativeTarget section */
		E6EFF2C22285330B008ABAAD /* Anime-iOS */ = {
			isa = PBXNativeTarget;
			buildConfigurationList = E6EFF2EB2285330D008ABAAD /* Build configuration list for PBXNativeTarget "Anime-iOS" */;
			buildPhases = (
				E6EFF2BF2285330B008ABAAD /* Sources */,
				E6EFF2C02285330B008ABAAD /* Frameworks */,
				E6EFF2C12285330B008ABAAD /* Resources */,
			);
			buildRules = (
			);
			dependencies = (
			);
			name = "Anime-iOS";
			productName = "Anime-iOS";
			productReference = E6EFF2C32285330B008ABAAD /* Anime-iOS.app */;
			productType = "com.apple.product-type.application";
		};
		E6EFF2D62285330D008ABAAD /* Anime-iOSTests */ = {
			isa = PBXNativeTarget;
			buildConfigurationList = E6EFF2EE2285330D008ABAAD /* Build configuration list for PBXNativeTarget "Anime-iOSTests" */;
			buildPhases = (
				E6EFF2D32285330D008ABAAD /* Sources */,
				E6EFF2D42285330D008ABAAD /* Frameworks */,
				E6EFF2D52285330D008ABAAD /* Resources */,
			);
			buildRules = (
			);
			dependencies = (
				E6EFF2D92285330D008ABAAD /* PBXTargetDependency */,
			);
			name = "Anime-iOSTests";
			productName = "Anime-iOSTests";
			productReference = E6EFF2D72285330D008ABAAD /* Anime-iOSTests.xctest */;
			productType = "com.apple.product-type.bundle.unit-test";
		};
		E6EFF2E12285330D008ABAAD /* Anime-iOSUITests */ = {
			isa = PBXNativeTarget;
			buildConfigurationList = E6EFF2F12285330D008ABAAD /* Build configuration list for PBXNativeTarget "Anime-iOSUITests" */;
			buildPhases = (
				E6EFF2DE2285330D008ABAAD /* Sources */,
				E6EFF2DF2285330D008ABAAD /* Frameworks */,
				E6EFF2E02285330D008ABAAD /* Resources */,
			);
			buildRules = (
			);
			dependencies = (
				E6EFF2E42285330D008ABAAD /* PBXTargetDependency */,
			);
			name = "Anime-iOSUITests";
			productName = "Anime-iOSUITests";
			productReference = E6EFF2E22285330D008ABAAD /* Anime-iOSUITests.xctest */;
			productType = "com.apple.product-type.bundle.ui-testing";
		};
/* End PBXNativeTarget section */

/* Begin PBXProject section */
		E6EFF2BB2285330A008ABAAD /* Project object */ = {
			isa = PBXProject;
			attributes = {
				LastSwiftUpdateCheck = 1020;
				LastUpgradeCheck = 1020;
				ORGANIZATIONNAME = Takashi.Co;
				TargetAttributes = {
					E6EFF2C22285330B008ABAAD = {
						CreatedOnToolsVersion = 10.2.1;
					};
					E6EFF2D62285330D008ABAAD = {
						CreatedOnToolsVersion = 10.2.1;
						TestTargetID = E6EFF2C22285330B008ABAAD;
					};
					E6EFF2E12285330D008ABAAD = {
						CreatedOnToolsVersion = 10.2.1;
						TestTargetID = E6EFF2C22285330B008ABAAD;
					};
				};
			};
			buildConfigurationList = E6EFF2BE2285330A008ABAAD /* Build configuration list for PBXProject "Anime-iOS" */;
			compatibilityVersion = "Xcode 9.3";
			developmentRegion = en;
			hasScannedForEncodings = 0;
			knownRegions = (
				en,
				Base,
			);
			mainGroup = E6EFF2BA2285330A008ABAAD;
			productRefGroup = E6EFF2C42285330B008ABAAD /* Products */;
			projectDirPath = "";
			projectRoot = "";
			targets = (
				E6EFF2C22285330B008ABAAD /* Anime-iOS */,
				E6EFF2D62285330D008ABAAD /* Anime-iOSTests */,
				E6EFF2E12285330D008ABAAD /* Anime-iOSUITests */,
			);
		};
/* End PBXProject section */

/* Begin PBXResourcesBuildPhase section */
		E6EFF2C12285330B008ABAAD /* Resources */ = {
			isa = PBXResourcesBuildPhase;
			buildActionMask = 2147483647;
			files = (
				E6EFF2D12285330D008ABAAD /* LaunchScreen.storyboard in Resources */,
				E6EFF2CE2285330D008ABAAD /* Assets.xcassets in Resources */,
				E6EFF2CC2285330B008ABAAD /* Main.storyboard in Resources */,
			);
			runOnlyForDeploymentPostprocessing = 0;
		};
		E6EFF2D52285330D008ABAAD /* Resources */ = {
			isa = PBXResourcesBuildPhase;
			buildActionMask = 2147483647;
			files = (
			);
			runOnlyForDeploymentPostprocessing = 0;
		};
		E6EFF2E02285330D008ABAAD /* Resources */ = {
			isa = PBXResourcesBuildPhase;
			buildActionMask = 2147483647;
			files = (
			);
			runOnlyForDeploymentPostprocessing = 0;
		};
/* End PBXResourcesBuildPhase section */

/* Begin PBXSourcesBuildPhase section */
		E6EFF2BF2285330B008ABAAD /* Sources */ = {
			isa = PBXSourcesBuildPhase;
			buildActionMask = 2147483647;
			files = (
				E6EFF2C92285330B008ABAAD /* ViewController.swift in Sources */,
				E6EFF2C72285330B008ABAAD /* AppDelegate.swift in Sources */,
			);
			runOnlyForDeploymentPostprocessing = 0;
		};
		E6EFF2D32285330D008ABAAD /* Sources */ = {
			isa = PBXSourcesBuildPhase;
			buildActionMask = 2147483647;
			files = (
				E6EFF2DC2285330D008ABAAD /* Anime_iOSTests.swift in Sources */,
			);
			runOnlyForDeploymentPostprocessing = 0;
		};
		E6EFF2DE2285330D008ABAAD /* Sources */ = {
			isa = PBXSourcesBuildPhase;
			buildActionMask = 2147483647;
			files = (
				E6EFF2E72285330D008ABAAD /* Anime_iOSUITests.swift in Sources */,
			);
			runOnlyForDeploymentPostprocessing = 0;
		};
/* End PBXSourcesBuildPhase section */

/* Begin PBXTargetDependency section */
		E6EFF2D92285330D008ABAAD /* PBXTargetDependency */ = {
			isa = PBXTargetDependency;
			target = E6EFF2C22285330B008ABAAD /* Anime-iOS */;
			targetProxy = E6EFF2D82285330D008ABAAD /* PBXContainerItemProxy */;
		};
		E6EFF2E42285330D008ABAAD /* PBXTargetDependency */ = {
			isa = PBXTargetDependency;
			target = E6EFF2C22285330B008ABAAD /* Anime-iOS */;
			targetProxy = E6EFF2E32285330D008ABAAD /* PBXContainerItemProxy */;
		};
/* End PBXTargetDependency section */

/* Begin PBXVariantGroup section */
		E6EFF2CA2285330B008ABAAD /* Main.storyboard */ = {
			isa = PBXVariantGroup;
			children = (
				E6EFF2CB2285330B008ABAAD /* Base */,
			);
			name = Main.storyboard;
			sourceTree = "<group>";
		};
		E6EFF2CF2285330D008ABAAD /* LaunchScreen.storyboard */ = {
			isa = PBXVariantGroup;
			children = (
				E6EFF2D02285330D008ABAAD /* Base */,
			);
			name = LaunchScreen.storyboard;
			sourceTree = "<group>";
		};
/* End PBXVariantGroup section */

/* Begin XCBuildConfiguration section */
		E6EFF2E92285330D008ABAAD /* Debug */ = {
			isa = XCBuildConfiguration;
			buildSettings = {
				ALWAYS_SEARCH_USER_PATHS = NO;
				CLANG_ANALYZER_NONNULL = YES;
				CLANG_ANALYZER_NUMBER_OBJECT_CONVERSION = YES_AGGRESSIVE;
				CLANG_CXX_LANGUAGE_STANDARD = "gnu++14";
				CLANG_CXX_LIBRARY = "libc++";
				CLANG_ENABLE_MODULES = YES;
				CLANG_ENABLE_OBJC_ARC = YES;
				CLANG_ENABLE_OBJC_WEAK = YES;
				CLANG_WARN_BLOCK_CAPTURE_AUTORELEASING = YES;
				CLANG_WARN_BOOL_CONVERSION = YES;
				CLANG_WARN_COMMA = YES;
				CLANG_WARN_CONSTANT_CONVERSION = YES;
				CLANG_WARN_DEPRECATED_OBJC_IMPLEMENTATIONS = YES;
				CLANG_WARN_DIRECT_OBJC_ISA_USAGE = YES_ERROR;
				CLANG_WARN_DOCUMENTATION_COMMENTS = YES;
				CLANG_WARN_EMPTY_BODY = YES;
				CLANG_WARN_ENUM_CONVERSION = YES;
				CLANG_WARN_INFINITE_RECURSION = YES;
				CLANG_WARN_INT_CONVERSION = YES;
				CLANG_WARN_NON_LITERAL_NULL_CONVERSION = YES;
				CLANG_WARN_OBJC_IMPLICIT_RETAIN_SELF = YES;
				CLANG_WARN_OBJC_LITERAL_CONVERSION = YES;
				CLANG_WARN_OBJC_ROOT_CLASS = YES_ERROR;
				CLANG_WARN_RANGE_LOOP_ANALYSIS = YES;
				CLANG_WARN_STRICT_PROTOTYPES = YES;
				CLANG_WARN_SUSPICIOUS_MOVE = YES;
				CLANG_WARN_UNGUARDED_AVAILABILITY = YES_AGGRESSIVE;
				CLANG_WARN_UNREACHABLE_CODE = YES;
				CLANG_WARN__DUPLICATE_METHOD_MATCH = YES;
				CODE_SIGN_IDENTITY = "iPhone Developer";
				COPY_PHASE_STRIP = NO;
				DEBUG_INFORMATION_FORMAT = dwarf;
				ENABLE_STRICT_OBJC_MSGSEND = YES;
				ENABLE_TESTABILITY = YES;
				GCC_C_LANGUAGE_STANDARD = gnu11;
				GCC_DYNAMIC_NO_PIC = NO;
				GCC_NO_COMMON_BLOCKS = YES;
				GCC_OPTIMIZATION_LEVEL = 0;
				GCC_PREPROCESSOR_DEFINITIONS = (
					"DEBUG=1",
					"$(inherited)",
				);
				GCC_WARN_64_TO_32_BIT_CONVERSION = YES;
				GCC_WARN_ABOUT_RETURN_TYPE = YES_ERROR;
				GCC_WARN_UNDECLARED_SELECTOR = YES;
				GCC_WARN_UNINITIALIZED_AUTOS = YES_AGGRESSIVE;
				GCC_WARN_UNUSED_FUNCTION = YES;
				GCC_WARN_UNUSED_VARIABLE = YES;
				IPHONEOS_DEPLOYMENT_TARGET = 12.2;
				MTL_ENABLE_DEBUG_INFO = INCLUDE_SOURCE;
				MTL_FAST_MATH = YES;
				ONLY_ACTIVE_ARCH = YES;
				SDKROOT = iphoneos;
				SWIFT_ACTIVE_COMPILATION_CONDITIONS = DEBUG;
				SWIFT_OPTIMIZATION_LEVEL = "-Onone";
			};
			name = Debug;
		};
		E6EFF2EA2285330D008ABAAD /* Release */ = {
			isa = XCBuildConfiguration;
			buildSettings = {
				ALWAYS_SEARCH_USER_PATHS = NO;
				CLANG_ANALYZER_NONNULL = YES;
				CLANG_ANALYZER_NUMBER_OBJECT_CONVERSION = YES_AGGRESSIVE;
				CLANG_CXX_LANGUAGE_STANDARD = "gnu++14";
				CLANG_CXX_LIBRARY = "libc++";
				CLANG_ENABLE_MODULES = YES;
				CLANG_ENABLE_OBJC_ARC = YES;
				CLANG_ENABLE_OBJC_WEAK = YES;
				CLANG_WARN_BLOCK_CAPTURE_AUTORELEASING = YES;
				CLANG_WARN_BOOL_CONVERSION = YES;
				CLANG_WARN_COMMA = YES;
				CLANG_WARN_CONSTANT_CONVERSION = YES;
				CLANG_WARN_DEPRECATED_OBJC_IMPLEMENTATIONS = YES;
				CLANG_WARN_DIRECT_OBJC_ISA_USAGE = YES_ERROR;
				CLANG_WARN_DOCUMENTATION_COMMENTS = YES;
				CLANG_WARN_EMPTY_BODY = YES;
				CLANG_WARN_ENUM_CONVERSION = YES;
				CLANG_WARN_INFINITE_RECURSION = YES;
				CLANG_WARN_INT_CONVERSION = YES;
				CLANG_WARN_NON_LITERAL_NULL_CONVERSION = YES;
				CLANG_WARN_OBJC_IMPLICIT_RETAIN_SELF = YES;
				CLANG_WARN_OBJC_LITERAL_CONVERSION = YES;
				CLANG_WARN_OBJC_ROOT_CLASS = YES_ERROR;
				CLANG_WARN_RANGE_LOOP_ANALYSIS = YES;
				CLANG_WARN_STRICT_PROTOTYPES = YES;
				CLANG_WARN_SUSPICIOUS_MOVE = YES;
				CLANG_WARN_UNGUARDED_AVAILABILITY = YES_AGGRESSIVE;
				CLANG_WARN_UNREACHABLE_CODE = YES;
				CLANG_WARN__DUPLICATE_METHOD_MATCH = YES;
				CODE_SIGN_IDENTITY = "iPhone Developer";
				COPY_PHASE_STRIP = NO;
				DEBUG_INFORMATION_FORMAT = "dwarf-with-dsym";
				ENABLE_NS_ASSERTIONS = NO;
				ENABLE_STRICT_OBJC_MSGSEND = YES;
				GCC_C_LANGUAGE_STANDARD = gnu11;
				GCC_NO_COMMON_BLOCKS = YES;
				GCC_WARN_64_TO_32_BIT_CONVERSION = YES;
				GCC_WARN_ABOUT_RETURN_TYPE = YES_ERROR;
				GCC_WARN_UNDECLARED_SELECTOR = YES;
				GCC_WARN_UNINITIALIZED_AUTOS = YES_AGGRESSIVE;
				GCC_WARN_UNUSED_FUNCTION = YES;
				GCC_WARN_UNUSED_VARIABLE = YES;
				IPHONEOS_DEPLOYMENT_TARGET = 12.2;
				MTL_ENABLE_DEBUG_INFO = NO;
				MTL_FAST_MATH = YES;
				SDKROOT = iphoneos;
				SWIFT_COMPILATION_MODE = wholemodule;
				SWIFT_OPTIMIZATION_LEVEL = "-O";
				VALIDATE_PRODUCT = YES;
			};
			name = Release;
		};
		E6EFF2EC2285330D008ABAAD /* Debug */ = {
			isa = XCBuildConfiguration;
			buildSettings = {
				ASSETCATALOG_COMPILER_APPICON_NAME = AppIcon;
				CODE_SIGN_STYLE = Automatic;
				DEVELOPMENT_TEAM = X363XCH4BV;
				INFOPLIST_FILE = "Anime-iOS/Info.plist";
				LD_RUNPATH_SEARCH_PATHS = (
					"$(inherited)",
					"@executable_path/Frameworks",
				);
				PRODUCT_BUNDLE_IDENTIFIER = "com.Takashi.Co.Anime-iOS";
				PRODUCT_NAME = "$(TARGET_NAME)";
				SWIFT_VERSION = 5.0;
				TARGETED_DEVICE_FAMILY = "1,2";
			};
			name = Debug;
		};
		E6EFF2ED2285330D008ABAAD /* Release */ = {
			isa = XCBuildConfiguration;
			buildSettings = {
				ASSETCATALOG_COMPILER_APPICON_NAME = AppIcon;
				CODE_SIGN_STYLE = Automatic;
				DEVELOPMENT_TEAM = X363XCH4BV;
				INFOPLIST_FILE = "Anime-iOS/Info.plist";
				LD_RUNPATH_SEARCH_PATHS = (
					"$(inherited)",
					"@executable_path/Frameworks",
				);
				PRODUCT_BUNDLE_IDENTIFIER = "com.Takashi.Co.Anime-iOS";
				PRODUCT_NAME = "$(TARGET_NAME)";
				SWIFT_VERSION = 5.0;
				TARGETED_DEVICE_FAMILY = "1,2";
			};
			name = Release;
		};
		E6EFF2EF2285330D008ABAAD /* Debug */ = {
			isa = XCBuildConfiguration;
			buildSettings = {
				ALWAYS_EMBED_SWIFT_STANDARD_LIBRARIES = YES;
				BUNDLE_LOADER = "$(TEST_HOST)";
				CODE_SIGN_STYLE = Automatic;
				DEVELOPMENT_TEAM = X363XCH4BV;
				INFOPLIST_FILE = "Anime-iOSTests/Info.plist";
				LD_RUNPATH_SEARCH_PATHS = (
					"$(inherited)",
					"@executable_path/Frameworks",
					"@loader_path/Frameworks",
				);
				PRODUCT_BUNDLE_IDENTIFIER = "com.Takashi.Co.Anime-iOSTests";
				PRODUCT_NAME = "$(TARGET_NAME)";
				SWIFT_VERSION = 5.0;
				TARGETED_DEVICE_FAMILY = "1,2";
				TEST_HOST = "$(BUILT_PRODUCTS_DIR)/Anime-iOS.app/Anime-iOS";
			};
			name = Debug;
		};
		E6EFF2F02285330D008ABAAD /* Release */ = {
			isa = XCBuildConfiguration;
			buildSettings = {
				ALWAYS_EMBED_SWIFT_STANDARD_LIBRARIES = YES;
				BUNDLE_LOADER = "$(TEST_HOST)";
				CODE_SIGN_STYLE = Automatic;
				DEVELOPMENT_TEAM = X363XCH4BV;
				INFOPLIST_FILE = "Anime-iOSTests/Info.plist";
				LD_RUNPATH_SEARCH_PATHS = (
					"$(inherited)",
					"@executable_path/Frameworks",
					"@loader_path/Frameworks",
				);
				PRODUCT_BUNDLE_IDENTIFIER = "com.Takashi.Co.Anime-iOSTests";
				PRODUCT_NAME = "$(TARGET_NAME)";
				SWIFT_VERSION = 5.0;
				TARGETED_DEVICE_FAMILY = "1,2";
				TEST_HOST = "$(BUILT_PRODUCTS_DIR)/Anime-iOS.app/Anime-iOS";
			};
			name = Release;
		};
		E6EFF2F22285330D008ABAAD /* Debug */ = {
			isa = XCBuildConfiguration;
			buildSettings = {
				ALWAYS_EMBED_SWIFT_STANDARD_LIBRARIES = YES;
				CODE_SIGN_STYLE = Automatic;
				DEVELOPMENT_TEAM = X363XCH4BV;
				INFOPLIST_FILE = "Anime-iOSUITests/Info.plist";
				LD_RUNPATH_SEARCH_PATHS = (
					"$(inherited)",
					"@executable_path/Frameworks",
					"@loader_path/Frameworks",
				);
				PRODUCT_BUNDLE_IDENTIFIER = "com.Takashi.Co.Anime-iOSUITests";
				PRODUCT_NAME = "$(TARGET_NAME)";
				SWIFT_VERSION = 5.0;
				TARGETED_DEVICE_FAMILY = "1,2";
				TEST_TARGET_NAME = "Anime-iOS";
			};
			name = Debug;
		};
		E6EFF2F32285330D008ABAAD /* Release */ = {
			isa = XCBuildConfiguration;
			buildSettings = {
				ALWAYS_EMBED_SWIFT_STANDARD_LIBRARIES = YES;
				CODE_SIGN_STYLE = Automatic;
				DEVELOPMENT_TEAM = X363XCH4BV;
				INFOPLIST_FILE = "Anime-iOSUITests/Info.plist";
				LD_RUNPATH_SEARCH_PATHS = (
					"$(inherited)",
					"@executable_path/Frameworks",
					"@loader_path/Frameworks",
				);
				PRODUCT_BUNDLE_IDENTIFIER = "com.Takashi.Co.Anime-iOSUITests";
				PRODUCT_NAME = "$(TARGET_NAME)";
				SWIFT_VERSION = 5.0;
				TARGETED_DEVICE_FAMILY = "1,2";
				TEST_TARGET_NAME = "Anime-iOS";
			};
			name = Release;
		};
/* End XCBuildConfiguration section */

/* Begin XCConfigurationList section */
		E6EFF2BE2285330A008ABAAD /* Build configuration list for PBXProject "Anime-iOS" */ = {
			isa = XCConfigurationList;
			buildConfigurations = (
				E6EFF2E92285330D008ABAAD /* Debug */,
				E6EFF2EA2285330D008ABAAD /* Release */,
			);
			defaultConfigurationIsVisible = 0;
			defaultConfigurationName = Release;
		};
		E6EFF2EB2285330D008ABAAD /* Build configuration list for PBXNativeTarget "Anime-iOS" */ = {
			isa = XCConfigurationList;
			buildConfigurations = (
				E6EFF2EC2285330D008ABAAD /* Debug */,
				E6EFF2ED2285330D008ABAAD /* Release */,
			);
			defaultConfigurationIsVisible = 0;
			defaultConfigurationName = Release;
		};
		E6EFF2EE2285330D008ABAAD /* Build configuration list for PBXNativeTarget "Anime-iOSTests" */ = {
			isa = XCConfigurationList;
			buildConfigurations = (
				E6EFF2EF2285330D008ABAAD /* Debug */,
				E6EFF2F02285330D008ABAAD /* Release */,
			);
			defaultConfigurationIsVisible = 0;
			defaultConfigurationName = Release;
		};
		E6EFF2F12285330D008ABAAD /* Build configuration list for PBXNativeTarget "Anime-iOSUITests" */ = {
			isa = XCConfigurationList;
			buildConfigurations = (
				E6EFF2F22285330D008ABAAD /* Debug */,
				E6EFF2F32285330D008ABAAD /* Release */,
			);
			defaultConfigurationIsVisible = 0;
			defaultConfigurationName = Release;
		};
/* End XCConfigurationList section */
	};
	rootObject = E6EFF2BB2285330A008ABAAD /* Project object */;
}
